
Microsoft Visual Studio Solution File, Format Version 11.00
# Visual Studio 2010
Project("{2150E333-8FDC-42A3-9474-1A3956D46DE8}") = "Android", "Android", "{712CB881-2E20-4520-97AB-7FD7EFC1282C}"
EndProject
Project("{FAE04EC0-301F-11D3-BF4B-00C04F79EFBC}") = "android_Tests.System.Reactive", "android\Tests.System.Reactive\android_Tests.System.Reactive.csproj", "{93322E90-1596-443D-AE38-F4B4D868BE24}"
EndProject
Project("{FAE04EC0-301F-11D3-BF4B-00C04F79EFBC}") = "android_Mono.Reactive.Testing", "android\Mono.Reactive.Testing\android_Mono.Reactive.Testing.csproj", "{35DEE616-4AD5-4560-9E19-A86836857626}"
EndProject
Project("{FAE04EC0-301F-11D3-BF4B-00C04F79EFBC}") = "MonoDroid.Dialog", "android\MonoDroid.Dialog\MonoDroid.Dialog\MonoDroid.Dialog.csproj", "{33044C7B-47A4-4113-A61A-EB429407F818}"
EndProject
Project("{FAE04EC0-301F-11D3-BF4B-00C04F79EFBC}") = "Android.NUnitLite", "android\Andr.Unit\Android.NUnitLite\Android.NUnitLite.csproj", "{6A005891-A3D6-4398-A729-F645397D573A}"
EndProject
Project("{FAE04EC0-301F-11D3-BF4B-00C04F79EFBC}") = "Andr.Unit", "android\Andr.Unit\Andr.Unit\Andr.Unit.csproj", "{47673BC8-F954-4304-9472-2773AA5A94EB}"
EndProject
Project("{FAE04EC0-301F-11D3-BF4B-00C04F79EFBC}") = "System.Reactive.Interfaces", "android\System.Reactive.Interfaces\System.Reactive.Interfaces.csproj", "{9E9B9C60-98B0-40FA-9C2B-1218D417CAA4}"
EndProject
Project("{FAE04EC0-301F-11D3-BF4B-00C04F79EFBC}") = "System.Reactive.Core", "android\System.Reactive.Core\System.Reactive.Core.csproj", "{4E516F10-DA7A-4D43-963E-A93865ABEA5B}"
EndProject
Project("{FAE04EC0-301F-11D3-BF4B-00C04F79EFBC}") = "System.Reactive.PlatformServices", "android\System.Reactive.PlatformServices\System.Reactive.PlatformServices.csproj", "{0CCCF009-763F-40D2-8655-7A94828023BF}"
EndProject
Project("{FAE04EC0-301F-11D3-BF4B-00C04F79EFBC}") = "System.Reactive.Linq", "android\System.Reactive.Linq\System.Reactive.Linq.csproj", "{63252AE9-5186-45CA-BFCD-FA51C6B66A43}"
EndProject
Project("{FAE04EC0-301F-11D3-BF4B-00C04F79EFBC}") = "System.Reactive.Providers", "android\System.Reactive.Providers\System.Reactive.Providers.csproj", "{C7B9D7BE-F47F-466B-A6B0-E46F1069B171}"
EndProject
Project("{FAE04EC0-301F-11D3-BF4B-00C04F79EFBC}") = "System.Reactive.Debugger", "android\System.Reactive.Debugger\System.Reactive.Debugger.csproj", "{FFB7A57C-BC22-4B71-88D4-2489B3FF10B6}"
EndProject
Project("{FAE04EC0-301F-11D3-BF4B-00C04F79EFBC}") = "System.Reactive.Experimental", "android\System.Reactive.Experimental\System.Reactive.Experimental.csproj", "{41E65B96-733B-41C4-A1BB-7476359B89EB}"
EndProject
Project("{FAE04EC0-301F-11D3-BF4B-00C04F79EFBC}") = "System.Reactive.Runtime.Remoting", "android\System.Reactive.Runtime.Remoting\System.Reactive.Runtime.Remoting.csproj", "{7A6EF49E-7946-4101-9C89-407B9C53A173}"
EndProject
Project("{2150E333-8FDC-42A3-9474-1A3956D46DE8}") = "iOS", "iOS", "{BCE4A4E6-1A43-4E90-B661-99CDE92E3368}"
EndProject
Project("{FAE04EC0-301F-11D3-BF4B-00C04F79EFBC}") = "ios_Mono.Reactive.Testing", "iOS\Mono.Reactive.Testing\ios_Mono.Reactive.Testing.csproj", "{D6B6BA56-1360-42F6-9484-85D8B729D3ED}"
EndProject
Project("{FAE04EC0-301F-11D3-BF4B-00C04F79EFBC}") = "ios_Tests.System.Reactive", "iOS\Tests.System.Reactive\ios_Tests.System.Reactive.csproj", "{CF10B007-A5EA-4BB3-AA5D-B370B2F19B04}"
EndProject
Global
	GlobalSection(SolutionConfigurationPlatforms) = preSolution
		Debug|Any CPU = Debug|Any CPU
		Release|Any CPU = Release|Any CPU
		ReleaseXBLV|Any CPU = ReleaseXBLV|Any CPU
		DebugXBLV|Any CPU = DebugXBLV|Any CPU
		DebugPL' Or '$(Configuration)'|Any CPU = DebugPL' Or '$(Configuration)'|Any CPU
		Debug|iPhoneSimulator = Debug|iPhoneSimulator
		Release|iPhoneSimulator = Release|iPhoneSimulator
		Debug|iPhone = Debug|iPhone
		Release|iPhone = Release|iPhone
		Ad-Hoc|iPhone = Ad-Hoc|iPhone
		AppStore|iPhone = AppStore|iPhone
	EndGlobalSection
	GlobalSection(ProjectConfigurationPlatforms) = postSolution
		{0CCCF009-763F-40D2-8655-7A94828023BF}.Ad-Hoc|iPhone.ActiveCfg = Debug|Any CPU
		{0CCCF009-763F-40D2-8655-7A94828023BF}.Ad-Hoc|iPhone.Build.0 = Debug|Any CPU
		{0CCCF009-763F-40D2-8655-7A94828023BF}.AppStore|iPhone.ActiveCfg = Debug|Any CPU
		{0CCCF009-763F-40D2-8655-7A94828023BF}.AppStore|iPhone.Build.0 = Debug|Any CPU
		{0CCCF009-763F-40D2-8655-7A94828023BF}.Debug|Any CPU.ActiveCfg = Debug|Any CPU
		{0CCCF009-763F-40D2-8655-7A94828023BF}.Debug|Any CPU.Build.0 = Debug|Any CPU
		{0CCCF009-763F-40D2-8655-7A94828023BF}.Debug|iPhone.ActiveCfg = Debug|Any CPU
		{0CCCF009-763F-40D2-8655-7A94828023BF}.Debug|iPhone.Build.0 = Debug|Any CPU
		{0CCCF009-763F-40D2-8655-7A94828023BF}.Debug|iPhoneSimulator.ActiveCfg = Debug|Any CPU
		{0CCCF009-763F-40D2-8655-7A94828023BF}.Debug|iPhoneSimulator.Build.0 = Debug|Any CPU
		{0CCCF009-763F-40D2-8655-7A94828023BF}.DebugPL' Or '$(Configuration)'|Any CPU.ActiveCfg = Debug|Any CPU
		{0CCCF009-763F-40D2-8655-7A94828023BF}.DebugPL' Or '$(Configuration)'|Any CPU.Build.0 = Debug|Any CPU
		{0CCCF009-763F-40D2-8655-7A94828023BF}.DebugXBLV|Any CPU.ActiveCfg = Debug|Any CPU
		{0CCCF009-763F-40D2-8655-7A94828023BF}.DebugXBLV|Any CPU.Build.0 = Debug|Any CPU
		{0CCCF009-763F-40D2-8655-7A94828023BF}.Release|Any CPU.ActiveCfg = Release|Any CPU
		{0CCCF009-763F-40D2-8655-7A94828023BF}.Release|Any CPU.Build.0 = Release|Any CPU
		{0CCCF009-763F-40D2-8655-7A94828023BF}.Release|iPhone.ActiveCfg = Release|Any CPU
		{0CCCF009-763F-40D2-8655-7A94828023BF}.Release|iPhone.Build.0 = Release|Any CPU
		{0CCCF009-763F-40D2-8655-7A94828023BF}.Release|iPhoneSimulator.ActiveCfg = Release|Any CPU
		{0CCCF009-763F-40D2-8655-7A94828023BF}.Release|iPhoneSimulator.Build.0 = Release|Any CPU
		{0CCCF009-763F-40D2-8655-7A94828023BF}.ReleaseXBLV|Any CPU.ActiveCfg = Debug|Any CPU
		{0CCCF009-763F-40D2-8655-7A94828023BF}.ReleaseXBLV|Any CPU.Build.0 = Debug|Any CPU
		{33044C7B-47A4-4113-A61A-EB429407F818}.Ad-Hoc|iPhone.ActiveCfg = Debug|Any CPU
		{33044C7B-47A4-4113-A61A-EB429407F818}.Ad-Hoc|iPhone.Build.0 = Debug|Any CPU
		{33044C7B-47A4-4113-A61A-EB429407F818}.AppStore|iPhone.ActiveCfg = Debug|Any CPU
		{33044C7B-47A4-4113-A61A-EB429407F818}.AppStore|iPhone.Build.0 = Debug|Any CPU
		{33044C7B-47A4-4113-A61A-EB429407F818}.Debug|Any CPU.ActiveCfg = Debug|Any CPU
		{33044C7B-47A4-4113-A61A-EB429407F818}.Debug|Any CPU.Build.0 = Debug|Any CPU
		{33044C7B-47A4-4113-A61A-EB429407F818}.Debug|iPhone.ActiveCfg = Debug|Any CPU
		{33044C7B-47A4-4113-A61A-EB429407F818}.Debug|iPhone.Build.0 = Debug|Any CPU
		{33044C7B-47A4-4113-A61A-EB429407F818}.Debug|iPhoneSimulator.ActiveCfg = Debug|Any CPU
		{33044C7B-47A4-4113-A61A-EB429407F818}.Debug|iPhoneSimulator.Build.0 = Debug|Any CPU
		{33044C7B-47A4-4113-A61A-EB429407F818}.DebugPL' Or '$(Configuration)'|Any CPU.ActiveCfg = Debug|Any CPU
		{33044C7B-47A4-4113-A61A-EB429407F818}.DebugPL' Or '$(Configuration)'|Any CPU.Build.0 = Debug|Any CPU
		{33044C7B-47A4-4113-A61A-EB429407F818}.DebugXBLV|Any CPU.ActiveCfg = Debug|Any CPU
		{33044C7B-47A4-4113-A61A-EB429407F818}.DebugXBLV|Any CPU.Build.0 = Debug|Any CPU
		{33044C7B-47A4-4113-A61A-EB429407F818}.Release|Any CPU.ActiveCfg = Release|Any CPU
		{33044C7B-47A4-4113-A61A-EB429407F818}.Release|Any CPU.Build.0 = Release|Any CPU
		{33044C7B-47A4-4113-A61A-EB429407F818}.Release|iPhone.ActiveCfg = Release|Any CPU
		{33044C7B-47A4-4113-A61A-EB429407F818}.Release|iPhone.Build.0 = Release|Any CPU
		{33044C7B-47A4-4113-A61A-EB429407F818}.Release|iPhoneSimulator.ActiveCfg = Release|Any CPU
		{33044C7B-47A4-4113-A61A-EB429407F818}.Release|iPhoneSimulator.Build.0 = Release|Any CPU
		{33044C7B-47A4-4113-A61A-EB429407F818}.ReleaseXBLV|Any CPU.ActiveCfg = Debug|Any CPU
		{33044C7B-47A4-4113-A61A-EB429407F818}.ReleaseXBLV|Any CPU.Build.0 = Debug|Any CPU
		{35DEE616-4AD5-4560-9E19-A86836857626}.Ad-Hoc|iPhone.ActiveCfg = Debug|Any CPU
		{35DEE616-4AD5-4560-9E19-A86836857626}.Ad-Hoc|iPhone.Build.0 = Debug|Any CPU
		{35DEE616-4AD5-4560-9E19-A86836857626}.AppStore|iPhone.ActiveCfg = Debug|Any CPU
		{35DEE616-4AD5-4560-9E19-A86836857626}.AppStore|iPhone.Build.0 = Debug|Any CPU
		{35DEE616-4AD5-4560-9E19-A86836857626}.Debug|Any CPU.ActiveCfg = Debug|Any CPU
		{35DEE616-4AD5-4560-9E19-A86836857626}.Debug|Any CPU.Build.0 = Debug|Any CPU
		{35DEE616-4AD5-4560-9E19-A86836857626}.Debug|iPhone.ActiveCfg = Debug|Any CPU
		{35DEE616-4AD5-4560-9E19-A86836857626}.Debug|iPhone.Build.0 = Debug|Any CPU
		{35DEE616-4AD5-4560-9E19-A86836857626}.Debug|iPhoneSimulator.ActiveCfg = Debug|Any CPU
		{35DEE616-4AD5-4560-9E19-A86836857626}.Debug|iPhoneSimulator.Build.0 = Debug|Any CPU
		{35DEE616-4AD5-4560-9E19-A86836857626}.DebugPL' Or '$(Configuration)'|Any CPU.ActiveCfg = Debug|Any CPU
		{35DEE616-4AD5-4560-9E19-A86836857626}.DebugPL' Or '$(Configuration)'|Any CPU.Build.0 = Debug|Any CPU
		{35DEE616-4AD5-4560-9E19-A86836857626}.DebugXBLV|Any CPU.ActiveCfg = Debug|Any CPU
		{35DEE616-4AD5-4560-9E19-A86836857626}.DebugXBLV|Any CPU.Build.0 = Debug|Any CPU
		{35DEE616-4AD5-4560-9E19-A86836857626}.Release|Any CPU.ActiveCfg = Release|Any CPU
		{35DEE616-4AD5-4560-9E19-A86836857626}.Release|Any CPU.Build.0 = Release|Any CPU
		{35DEE616-4AD5-4560-9E19-A86836857626}.Release|iPhone.ActiveCfg = Release|Any CPU
		{35DEE616-4AD5-4560-9E19-A86836857626}.Release|iPhone.Build.0 = Release|Any CPU
		{35DEE616-4AD5-4560-9E19-A86836857626}.Release|iPhoneSimulator.ActiveCfg = Release|Any CPU
		{35DEE616-4AD5-4560-9E19-A86836857626}.Release|iPhoneSimulator.Build.0 = Release|Any CPU
		{35DEE616-4AD5-4560-9E19-A86836857626}.ReleaseXBLV|Any CPU.ActiveCfg = Debug|Any CPU
		{35DEE616-4AD5-4560-9E19-A86836857626}.ReleaseXBLV|Any CPU.Build.0 = Debug|Any CPU
		{41E65B96-733B-41C4-A1BB-7476359B89EB}.Ad-Hoc|iPhone.ActiveCfg = Debug|Any CPU
		{41E65B96-733B-41C4-A1BB-7476359B89EB}.Ad-Hoc|iPhone.Build.0 = Debug|Any CPU
		{41E65B96-733B-41C4-A1BB-7476359B89EB}.AppStore|iPhone.ActiveCfg = Debug|Any CPU
		{41E65B96-733B-41C4-A1BB-7476359B89EB}.AppStore|iPhone.Build.0 = Debug|Any CPU
		{41E65B96-733B-41C4-A1BB-7476359B89EB}.Debug|Any CPU.ActiveCfg = Debug|Any CPU
		{41E65B96-733B-41C4-A1BB-7476359B89EB}.Debug|Any CPU.Build.0 = Debug|Any CPU
		{41E65B96-733B-41C4-A1BB-7476359B89EB}.Debug|iPhone.ActiveCfg = Debug|Any CPU
		{41E65B96-733B-41C4-A1BB-7476359B89EB}.Debug|iPhone.Build.0 = Debug|Any CPU
		{41E65B96-733B-41C4-A1BB-7476359B89EB}.Debug|iPhoneSimulator.ActiveCfg = Debug|Any CPU
		{41E65B96-733B-41C4-A1BB-7476359B89EB}.Debug|iPhoneSimulator.Build.0 = Debug|Any CPU
		{41E65B96-733B-41C4-A1BB-7476359B89EB}.DebugPL' Or '$(Configuration)'|Any CPU.ActiveCfg = Debug|Any CPU
		{41E65B96-733B-41C4-A1BB-7476359B89EB}.DebugPL' Or '$(Configuration)'|Any CPU.Build.0 = Debug|Any CPU
		{41E65B96-733B-41C4-A1BB-7476359B89EB}.DebugXBLV|Any CPU.ActiveCfg = Debug|Any CPU
		{41E65B96-733B-41C4-A1BB-7476359B89EB}.DebugXBLV|Any CPU.Build.0 = Debug|Any CPU
		{41E65B96-733B-41C4-A1BB-7476359B89EB}.Release|Any CPU.ActiveCfg = Release|Any CPU
		{41E65B96-733B-41C4-A1BB-7476359B89EB}.Release|Any CPU.Build.0 = Release|Any CPU
		{41E65B96-733B-41C4-A1BB-7476359B89EB}.Release|iPhone.ActiveCfg = Release|Any CPU
		{41E65B96-733B-41C4-A1BB-7476359B89EB}.Release|iPhone.Build.0 = Release|Any CPU
		{41E65B96-733B-41C4-A1BB-7476359B89EB}.Release|iPhoneSimulator.ActiveCfg = Release|Any CPU
		{41E65B96-733B-41C4-A1BB-7476359B89EB}.Release|iPhoneSimulator.Build.0 = Release|Any CPU
		{41E65B96-733B-41C4-A1BB-7476359B89EB}.ReleaseXBLV|Any CPU.ActiveCfg = Debug|Any CPU
		{41E65B96-733B-41C4-A1BB-7476359B89EB}.ReleaseXBLV|Any CPU.Build.0 = Debug|Any CPU
		{47673BC8-F954-4304-9472-2773AA5A94EB}.Ad-Hoc|iPhone.ActiveCfg = Debug|Any CPU
		{47673BC8-F954-4304-9472-2773AA5A94EB}.Ad-Hoc|iPhone.Build.0 = Debug|Any CPU
		{47673BC8-F954-4304-9472-2773AA5A94EB}.AppStore|iPhone.ActiveCfg = Debug|Any CPU
		{47673BC8-F954-4304-9472-2773AA5A94EB}.AppStore|iPhone.Build.0 = Debug|Any CPU
		{47673BC8-F954-4304-9472-2773AA5A94EB}.Debug|Any CPU.ActiveCfg = Debug|Any CPU
		{47673BC8-F954-4304-9472-2773AA5A94EB}.Debug|Any CPU.Build.0 = Debug|Any CPU
		{47673BC8-F954-4304-9472-2773AA5A94EB}.Debug|iPhone.ActiveCfg = Debug|Any CPU
		{47673BC8-F954-4304-9472-2773AA5A94EB}.Debug|iPhone.Build.0 = Debug|Any CPU
		{47673BC8-F954-4304-9472-2773AA5A94EB}.Debug|iPhoneSimulator.ActiveCfg = Debug|Any CPU
		{47673BC8-F954-4304-9472-2773AA5A94EB}.Debug|iPhoneSimulator.Build.0 = Debug|Any CPU
		{47673BC8-F954-4304-9472-2773AA5A94EB}.DebugPL' Or '$(Configuration)'|Any CPU.ActiveCfg = Debug|Any CPU
		{47673BC8-F954-4304-9472-2773AA5A94EB}.DebugPL' Or '$(Configuration)'|Any CPU.Build.0 = Debug|Any CPU
		{47673BC8-F954-4304-9472-2773AA5A94EB}.DebugXBLV|Any CPU.ActiveCfg = Debug|Any CPU
		{47673BC8-F954-4304-9472-2773AA5A94EB}.DebugXBLV|Any CPU.Build.0 = Debug|Any CPU
		{47673BC8-F954-4304-9472-2773AA5A94EB}.Release|Any CPU.ActiveCfg = Release|Any CPU
		{47673BC8-F954-4304-9472-2773AA5A94EB}.Release|Any CPU.Build.0 = Release|Any CPU
		{47673BC8-F954-4304-9472-2773AA5A94EB}.Release|iPhone.ActiveCfg = Release|Any CPU
		{47673BC8-F954-4304-9472-2773AA5A94EB}.Release|iPhone.Build.0 = Release|Any CPU
		{47673BC8-F954-4304-9472-2773AA5A94EB}.Release|iPhoneSimulator.ActiveCfg = Release|Any CPU
		{47673BC8-F954-4304-9472-2773AA5A94EB}.Release|iPhoneSimulator.Build.0 = Release|Any CPU
		{47673BC8-F954-4304-9472-2773AA5A94EB}.ReleaseXBLV|Any CPU.ActiveCfg = Debug|Any CPU
		{47673BC8-F954-4304-9472-2773AA5A94EB}.ReleaseXBLV|Any CPU.Build.0 = Debug|Any CPU
		{4E516F10-DA7A-4D43-963E-A93865ABEA5B}.Ad-Hoc|iPhone.ActiveCfg = Debug|Any CPU
		{4E516F10-DA7A-4D43-963E-A93865ABEA5B}.Ad-Hoc|iPhone.Build.0 = Debug|Any CPU
		{4E516F10-DA7A-4D43-963E-A93865ABEA5B}.AppStore|iPhone.ActiveCfg = Debug|Any CPU
		{4E516F10-DA7A-4D43-963E-A93865ABEA5B}.AppStore|iPhone.Build.0 = Debug|Any CPU
		{4E516F10-DA7A-4D43-963E-A93865ABEA5B}.Debug|Any CPU.ActiveCfg = Debug|Any CPU
		{4E516F10-DA7A-4D43-963E-A93865ABEA5B}.Debug|Any CPU.Build.0 = Debug|Any CPU
		{4E516F10-DA7A-4D43-963E-A93865ABEA5B}.Debug|iPhone.ActiveCfg = Debug|Any CPU
		{4E516F10-DA7A-4D43-963E-A93865ABEA5B}.Debug|iPhone.Build.0 = Debug|Any CPU
		{4E516F10-DA7A-4D43-963E-A93865ABEA5B}.Debug|iPhoneSimulator.ActiveCfg = Debug|Any CPU
		{4E516F10-DA7A-4D43-963E-A93865ABEA5B}.Debug|iPhoneSimulator.Build.0 = Debug|Any CPU
		{4E516F10-DA7A-4D43-963E-A93865ABEA5B}.DebugPL' Or '$(Configuration)'|Any CPU.ActiveCfg = Debug|Any CPU
		{4E516F10-DA7A-4D43-963E-A93865ABEA5B}.DebugPL' Or '$(Configuration)'|Any CPU.Build.0 = Debug|Any CPU
		{4E516F10-DA7A-4D43-963E-A93865ABEA5B}.DebugXBLV|Any CPU.ActiveCfg = Debug|Any CPU
		{4E516F10-DA7A-4D43-963E-A93865ABEA5B}.DebugXBLV|Any CPU.Build.0 = Debug|Any CPU
		{4E516F10-DA7A-4D43-963E-A93865ABEA5B}.Release|Any CPU.ActiveCfg = Release|Any CPU
		{4E516F10-DA7A-4D43-963E-A93865ABEA5B}.Release|Any CPU.Build.0 = Release|Any CPU
		{4E516F10-DA7A-4D43-963E-A93865ABEA5B}.Release|iPhone.ActiveCfg = Release|Any CPU
		{4E516F10-DA7A-4D43-963E-A93865ABEA5B}.Release|iPhone.Build.0 = Release|Any CPU
		{4E516F10-DA7A-4D43-963E-A93865ABEA5B}.Release|iPhoneSimulator.ActiveCfg = Release|Any CPU
		{4E516F10-DA7A-4D43-963E-A93865ABEA5B}.Release|iPhoneSimulator.Build.0 = Release|Any CPU
		{4E516F10-DA7A-4D43-963E-A93865ABEA5B}.ReleaseXBLV|Any CPU.ActiveCfg = Debug|Any CPU
		{4E516F10-DA7A-4D43-963E-A93865ABEA5B}.ReleaseXBLV|Any CPU.Build.0 = Debug|Any CPU
		{63252AE9-5186-45CA-BFCD-FA51C6B66A43}.Ad-Hoc|iPhone.ActiveCfg = Debug|Any CPU
		{63252AE9-5186-45CA-BFCD-FA51C6B66A43}.Ad-Hoc|iPhone.Build.0 = Debug|Any CPU
		{63252AE9-5186-45CA-BFCD-FA51C6B66A43}.AppStore|iPhone.ActiveCfg = Debug|Any CPU
		{63252AE9-5186-45CA-BFCD-FA51C6B66A43}.AppStore|iPhone.Build.0 = Debug|Any CPU
		{63252AE9-5186-45CA-BFCD-FA51C6B66A43}.Debug|Any CPU.ActiveCfg = Debug|Any CPU
		{63252AE9-5186-45CA-BFCD-FA51C6B66A43}.Debug|Any CPU.Build.0 = Debug|Any CPU
		{63252AE9-5186-45CA-BFCD-FA51C6B66A43}.Debug|iPhone.ActiveCfg = Debug|Any CPU
		{63252AE9-5186-45CA-BFCD-FA51C6B66A43}.Debug|iPhone.Build.0 = Debug|Any CPU
		{63252AE9-5186-45CA-BFCD-FA51C6B66A43}.Debug|iPhoneSimulator.ActiveCfg = Debug|Any CPU
		{63252AE9-5186-45CA-BFCD-FA51C6B66A43}.Debug|iPhoneSimulator.Build.0 = Debug|Any CPU
		{63252AE9-5186-45CA-BFCD-FA51C6B66A43}.DebugPL' Or '$(Configuration)'|Any CPU.ActiveCfg = Debug|Any CPU
		{63252AE9-5186-45CA-BFCD-FA51C6B66A43}.DebugPL' Or '$(Configuration)'|Any CPU.Build.0 = Debug|Any CPU
		{63252AE9-5186-45CA-BFCD-FA51C6B66A43}.DebugXBLV|Any CPU.ActiveCfg = Debug|Any CPU
		{63252AE9-5186-45CA-BFCD-FA51C6B66A43}.DebugXBLV|Any CPU.Build.0 = Debug|Any CPU
		{63252AE9-5186-45CA-BFCD-FA51C6B66A43}.Release|Any CPU.ActiveCfg = Release|Any CPU
		{63252AE9-5186-45CA-BFCD-FA51C6B66A43}.Release|Any CPU.Build.0 = Release|Any CPU
		{63252AE9-5186-45CA-BFCD-FA51C6B66A43}.Release|iPhone.ActiveCfg = Release|Any CPU
		{63252AE9-5186-45CA-BFCD-FA51C6B66A43}.Release|iPhone.Build.0 = Release|Any CPU
		{63252AE9-5186-45CA-BFCD-FA51C6B66A43}.Release|iPhoneSimulator.ActiveCfg = Release|Any CPU
		{63252AE9-5186-45CA-BFCD-FA51C6B66A43}.Release|iPhoneSimulator.Build.0 = Release|Any CPU
		{63252AE9-5186-45CA-BFCD-FA51C6B66A43}.ReleaseXBLV|Any CPU.ActiveCfg = Debug|Any CPU
		{63252AE9-5186-45CA-BFCD-FA51C6B66A43}.ReleaseXBLV|Any CPU.Build.0 = Debug|Any CPU
		{6A005891-A3D6-4398-A729-F645397D573A}.Ad-Hoc|iPhone.ActiveCfg = Debug|Any CPU
		{6A005891-A3D6-4398-A729-F645397D573A}.Ad-Hoc|iPhone.Build.0 = Debug|Any CPU
		{6A005891-A3D6-4398-A729-F645397D573A}.AppStore|iPhone.ActiveCfg = Debug|Any CPU
		{6A005891-A3D6-4398-A729-F645397D573A}.AppStore|iPhone.Build.0 = Debug|Any CPU
		{6A005891-A3D6-4398-A729-F645397D573A}.Debug|Any CPU.ActiveCfg = Debug|Any CPU
		{6A005891-A3D6-4398-A729-F645397D573A}.Debug|Any CPU.Build.0 = Debug|Any CPU
		{6A005891-A3D6-4398-A729-F645397D573A}.Debug|iPhone.ActiveCfg = Debug|Any CPU
		{6A005891-A3D6-4398-A729-F645397D573A}.Debug|iPhone.Build.0 = Debug|Any CPU
		{6A005891-A3D6-4398-A729-F645397D573A}.Debug|iPhoneSimulator.ActiveCfg = Debug|Any CPU
		{6A005891-A3D6-4398-A729-F645397D573A}.Debug|iPhoneSimulator.Build.0 = Debug|Any CPU
		{6A005891-A3D6-4398-A729-F645397D573A}.DebugPL' Or '$(Configuration)'|Any CPU.ActiveCfg = Debug|Any CPU
		{6A005891-A3D6-4398-A729-F645397D573A}.DebugPL' Or '$(Configuration)'|Any CPU.Build.0 = Debug|Any CPU
		{6A005891-A3D6-4398-A729-F645397D573A}.DebugXBLV|Any CPU.ActiveCfg = Debug|Any CPU
		{6A005891-A3D6-4398-A729-F645397D573A}.DebugXBLV|Any CPU.Build.0 = Debug|Any CPU
		{6A005891-A3D6-4398-A729-F645397D573A}.Release|Any CPU.ActiveCfg = Release|Any CPU
		{6A005891-A3D6-4398-A729-F645397D573A}.Release|Any CPU.Build.0 = Release|Any CPU
		{6A005891-A3D6-4398-A729-F645397D573A}.Release|iPhone.ActiveCfg = Release|Any CPU
		{6A005891-A3D6-4398-A729-F645397D573A}.Release|iPhone.Build.0 = Release|Any CPU
		{6A005891-A3D6-4398-A729-F645397D573A}.Release|iPhoneSimulator.ActiveCfg = Release|Any CPU
		{6A005891-A3D6-4398-A729-F645397D573A}.Release|iPhoneSimulator.Build.0 = Release|Any CPU
		{6A005891-A3D6-4398-A729-F645397D573A}.ReleaseXBLV|Any CPU.ActiveCfg = Debug|Any CPU
		{6A005891-A3D6-4398-A729-F645397D573A}.ReleaseXBLV|Any CPU.Build.0 = Debug|Any CPU
		{7A6EF49E-7946-4101-9C89-407B9C53A173}.Ad-Hoc|iPhone.ActiveCfg = Debug|Any CPU
		{7A6EF49E-7946-4101-9C89-407B9C53A173}.Ad-Hoc|iPhone.Build.0 = Debug|Any CPU
		{7A6EF49E-7946-4101-9C89-407B9C53A173}.AppStore|iPhone.ActiveCfg = Debug|Any CPU
		{7A6EF49E-7946-4101-9C89-407B9C53A173}.AppStore|iPhone.Build.0 = Debug|Any CPU
		{7A6EF49E-7946-4101-9C89-407B9C53A173}.Debug|Any CPU.ActiveCfg = Debug|Any CPU
		{7A6EF49E-7946-4101-9C89-407B9C53A173}.Debug|Any CPU.Build.0 = Debug|Any CPU
		{7A6EF49E-7946-4101-9C89-407B9C53A173}.Debug|iPhone.ActiveCfg = Debug|Any CPU
		{7A6EF49E-7946-4101-9C89-407B9C53A173}.Debug|iPhone.Build.0 = Debug|Any CPU
		{7A6EF49E-7946-4101-9C89-407B9C53A173}.Debug|iPhoneSimulator.ActiveCfg = Debug|Any CPU
		{7A6EF49E-7946-4101-9C89-407B9C53A173}.Debug|iPhoneSimulator.Build.0 = Debug|Any CPU
		{7A6EF49E-7946-4101-9C89-407B9C53A173}.DebugPL' Or '$(Configuration)'|Any CPU.ActiveCfg = Debug|Any CPU
		{7A6EF49E-7946-4101-9C89-407B9C53A173}.DebugPL' Or '$(Configuration)'|Any CPU.Build.0 = Debug|Any CPU
		{7A6EF49E-7946-4101-9C89-407B9C53A173}.DebugXBLV|Any CPU.ActiveCfg = Debug|Any CPU
		{7A6EF49E-7946-4101-9C89-407B9C53A173}.DebugXBLV|Any CPU.Build.0 = Debug|Any CPU
		{7A6EF49E-7946-4101-9C89-407B9C53A173}.Release|Any CPU.ActiveCfg = Release|Any CPU
		{7A6EF49E-7946-4101-9C89-407B9C53A173}.Release|Any CPU.Build.0 = Release|Any CPU
		{7A6EF49E-7946-4101-9C89-407B9C53A173}.Release|iPhone.ActiveCfg = Release|Any CPU
		{7A6EF49E-7946-4101-9C89-407B9C53A173}.Release|iPhone.Build.0 = Release|Any CPU
		{7A6EF49E-7946-4101-9C89-407B9C53A173}.Release|iPhoneSimulator.ActiveCfg = Release|Any CPU
		{7A6EF49E-7946-4101-9C89-407B9C53A173}.Release|iPhoneSimulator.Build.0 = Release|Any CPU
		{7A6EF49E-7946-4101-9C89-407B9C53A173}.ReleaseXBLV|Any CPU.ActiveCfg = Debug|Any CPU
		{7A6EF49E-7946-4101-9C89-407B9C53A173}.ReleaseXBLV|Any CPU.Build.0 = Debug|Any CPU
		{93322E90-1596-443D-AE38-F4B4D868BE24}.Ad-Hoc|iPhone.ActiveCfg = Debug|Any CPU
		{93322E90-1596-443D-AE38-F4B4D868BE24}.Ad-Hoc|iPhone.Build.0 = Debug|Any CPU
		{93322E90-1596-443D-AE38-F4B4D868BE24}.AppStore|iPhone.ActiveCfg = Debug|Any CPU
		{93322E90-1596-443D-AE38-F4B4D868BE24}.AppStore|iPhone.Build.0 = Debug|Any CPU
		{93322E90-1596-443D-AE38-F4B4D868BE24}.Debug|Any CPU.ActiveCfg = Debug|Any CPU
		{93322E90-1596-443D-AE38-F4B4D868BE24}.Debug|Any CPU.Build.0 = Debug|Any CPU
		{93322E90-1596-443D-AE38-F4B4D868BE24}.Debug|iPhone.ActiveCfg = Debug|Any CPU
		{93322E90-1596-443D-AE38-F4B4D868BE24}.Debug|iPhone.Build.0 = Debug|Any CPU
		{93322E90-1596-443D-AE38-F4B4D868BE24}.Debug|iPhoneSimulator.ActiveCfg = Debug|Any CPU
		{93322E90-1596-443D-AE38-F4B4D868BE24}.Debug|iPhoneSimulator.Build.0 = Debug|Any CPU
		{93322E90-1596-443D-AE38-F4B4D868BE24}.DebugPL' Or '$(Configuration)'|Any CPU.ActiveCfg = Debug|Any CPU
		{93322E90-1596-443D-AE38-F4B4D868BE24}.DebugPL' Or '$(Configuration)'|Any CPU.Build.0 = Debug|Any CPU
		{93322E90-1596-443D-AE38-F4B4D868BE24}.DebugXBLV|Any CPU.ActiveCfg = Debug|Any CPU
		{93322E90-1596-443D-AE38-F4B4D868BE24}.DebugXBLV|Any CPU.Build.0 = Debug|Any CPU
		{93322E90-1596-443D-AE38-F4B4D868BE24}.Release|Any CPU.ActiveCfg = Release|Any CPU
		{93322E90-1596-443D-AE38-F4B4D868BE24}.Release|Any CPU.Build.0 = Release|Any CPU
		{93322E90-1596-443D-AE38-F4B4D868BE24}.Release|iPhone.ActiveCfg = Release|Any CPU
		{93322E90-1596-443D-AE38-F4B4D868BE24}.Release|iPhone.Build.0 = Release|Any CPU
		{93322E90-1596-443D-AE38-F4B4D868BE24}.Release|iPhoneSimulator.ActiveCfg = Release|Any CPU
		{93322E90-1596-443D-AE38-F4B4D868BE24}.Release|iPhoneSimulator.Build.0 = Release|Any CPU
		{93322E90-1596-443D-AE38-F4B4D868BE24}.ReleaseXBLV|Any CPU.ActiveCfg = Debug|Any CPU
		{93322E90-1596-443D-AE38-F4B4D868BE24}.ReleaseXBLV|Any CPU.Build.0 = Debug|Any CPU
		{9E9B9C60-98B0-40FA-9C2B-1218D417CAA4}.Ad-Hoc|iPhone.ActiveCfg = Debug|Any CPU
		{9E9B9C60-98B0-40FA-9C2B-1218D417CAA4}.Ad-Hoc|iPhone.Build.0 = Debug|Any CPU
		{9E9B9C60-98B0-40FA-9C2B-1218D417CAA4}.AppStore|iPhone.ActiveCfg = Debug|Any CPU
		{9E9B9C60-98B0-40FA-9C2B-1218D417CAA4}.AppStore|iPhone.Build.0 = Debug|Any CPU
		{9E9B9C60-98B0-40FA-9C2B-1218D417CAA4}.Debug|Any CPU.ActiveCfg = Debug|Any CPU
		{9E9B9C60-98B0-40FA-9C2B-1218D417CAA4}.Debug|Any CPU.Build.0 = Debug|Any CPU
		{9E9B9C60-98B0-40FA-9C2B-1218D417CAA4}.Debug|iPhone.ActiveCfg = Debug|Any CPU
		{9E9B9C60-98B0-40FA-9C2B-1218D417CAA4}.Debug|iPhone.Build.0 = Debug|Any CPU
		{9E9B9C60-98B0-40FA-9C2B-1218D417CAA4}.Debug|iPhoneSimulator.ActiveCfg = Debug|Any CPU
		{9E9B9C60-98B0-40FA-9C2B-1218D417CAA4}.Debug|iPhoneSimulator.Build.0 = Debug|Any CPU
		{9E9B9C60-98B0-40FA-9C2B-1218D417CAA4}.DebugPL' Or '$(Configuration)'|Any CPU.ActiveCfg = Debug|Any CPU
		{9E9B9C60-98B0-40FA-9C2B-1218D417CAA4}.DebugPL' Or '$(Configuration)'|Any CPU.Build.0 = Debug|Any CPU
		{9E9B9C60-98B0-40FA-9C2B-1218D417CAA4}.DebugXBLV|Any CPU.ActiveCfg = Debug|Any CPU
		{9E9B9C60-98B0-40FA-9C2B-1218D417CAA4}.DebugXBLV|Any CPU.Build.0 = Debug|Any CPU
		{9E9B9C60-98B0-40FA-9C2B-1218D417CAA4}.Release|Any CPU.ActiveCfg = Release|Any CPU
		{9E9B9C60-98B0-40FA-9C2B-1218D417CAA4}.Release|Any CPU.Build.0 = Release|Any CPU
		{9E9B9C60-98B0-40FA-9C2B-1218D417CAA4}.Release|iPhone.ActiveCfg = Release|Any CPU
		{9E9B9C60-98B0-40FA-9C2B-1218D417CAA4}.Release|iPhone.Build.0 = Release|Any CPU
		{9E9B9C60-98B0-40FA-9C2B-1218D417CAA4}.Release|iPhoneSimulator.ActiveCfg = Release|Any CPU
		{9E9B9C60-98B0-40FA-9C2B-1218D417CAA4}.Release|iPhoneSimulator.Build.0 = Release|Any CPU
		{9E9B9C60-98B0-40FA-9C2B-1218D417CAA4}.ReleaseXBLV|Any CPU.ActiveCfg = Debug|Any CPU
		{9E9B9C60-98B0-40FA-9C2B-1218D417CAA4}.ReleaseXBLV|Any CPU.Build.0 = Debug|Any CPU
		{C7B9D7BE-F47F-466B-A6B0-E46F1069B171}.Ad-Hoc|iPhone.ActiveCfg = Debug|Any CPU
		{C7B9D7BE-F47F-466B-A6B0-E46F1069B171}.Ad-Hoc|iPhone.Build.0 = Debug|Any CPU
		{C7B9D7BE-F47F-466B-A6B0-E46F1069B171}.AppStore|iPhone.ActiveCfg = Debug|Any CPU
		{C7B9D7BE-F47F-466B-A6B0-E46F1069B171}.AppStore|iPhone.Build.0 = Debug|Any CPU
		{C7B9D7BE-F47F-466B-A6B0-E46F1069B171}.Debug|Any CPU.ActiveCfg = Debug|Any CPU
		{C7B9D7BE-F47F-466B-A6B0-E46F1069B171}.Debug|Any CPU.Build.0 = Debug|Any CPU
		{C7B9D7BE-F47F-466B-A6B0-E46F1069B171}.Debug|iPhone.ActiveCfg = Debug|Any CPU
		{C7B9D7BE-F47F-466B-A6B0-E46F1069B171}.Debug|iPhone.Build.0 = Debug|Any CPU
		{C7B9D7BE-F47F-466B-A6B0-E46F1069B171}.Debug|iPhoneSimulator.ActiveCfg = Debug|Any CPU
		{C7B9D7BE-F47F-466B-A6B0-E46F1069B171}.Debug|iPhoneSimulator.Build.0 = Debug|Any CPU
		{C7B9D7BE-F47F-466B-A6B0-E46F1069B171}.DebugPL' Or '$(Configuration)'|Any CPU.ActiveCfg = Debug|Any CPU
		{C7B9D7BE-F47F-466B-A6B0-E46F1069B171}.DebugPL' Or '$(Configuration)'|Any CPU.Build.0 = Debug|Any CPU
		{C7B9D7BE-F47F-466B-A6B0-E46F1069B171}.DebugXBLV|Any CPU.ActiveCfg = Debug|Any CPU
		{C7B9D7BE-F47F-466B-A6B0-E46F1069B171}.DebugXBLV|Any CPU.Build.0 = Debug|Any CPU
		{C7B9D7BE-F47F-466B-A6B0-E46F1069B171}.Release|Any CPU.ActiveCfg = Release|Any CPU
		{C7B9D7BE-F47F-466B-A6B0-E46F1069B171}.Release|Any CPU.Build.0 = Release|Any CPU
		{C7B9D7BE-F47F-466B-A6B0-E46F1069B171}.Release|iPhone.ActiveCfg = Release|Any CPU
		{C7B9D7BE-F47F-466B-A6B0-E46F1069B171}.Release|iPhone.Build.0 = Release|Any CPU
		{C7B9D7BE-F47F-466B-A6B0-E46F1069B171}.Release|iPhoneSimulator.ActiveCfg = Release|Any CPU
		{C7B9D7BE-F47F-466B-A6B0-E46F1069B171}.Release|iPhoneSimulator.Build.0 = Release|Any CPU
		{C7B9D7BE-F47F-466B-A6B0-E46F1069B171}.ReleaseXBLV|Any CPU.ActiveCfg = Debug|Any CPU
		{C7B9D7BE-F47F-466B-A6B0-E46F1069B171}.ReleaseXBLV|Any CPU.Build.0 = Debug|Any CPU
		{CF10B007-A5EA-4BB3-AA5D-B370B2F19B04}.Ad-Hoc|iPhone.ActiveCfg = Ad-Hoc|iPhone
		{CF10B007-A5EA-4BB3-AA5D-B370B2F19B04}.Ad-Hoc|iPhone.Build.0 = Ad-Hoc|iPhone
		{CF10B007-A5EA-4BB3-AA5D-B370B2F19B04}.AppStore|iPhone.ActiveCfg = AppStore|iPhone
		{CF10B007-A5EA-4BB3-AA5D-B370B2F19B04}.AppStore|iPhone.Build.0 = AppStore|iPhone
		{CF10B007-A5EA-4BB3-AA5D-B370B2F19B04}.Debug|Any CPU.ActiveCfg = Debug|iPhoneSimulator
		{CF10B007-A5EA-4BB3-AA5D-B370B2F19B04}.Debug|Any CPU.Build.0 = Debug|iPhoneSimulator
		{CF10B007-A5EA-4BB3-AA5D-B370B2F19B04}.Debug|iPhone.ActiveCfg = Debug|iPhone
		{CF10B007-A5EA-4BB3-AA5D-B370B2F19B04}.Debug|iPhone.Build.0 = Debug|iPhone
		{CF10B007-A5EA-4BB3-AA5D-B370B2F19B04}.Debug|iPhoneSimulator.ActiveCfg = Debug|iPhoneSimulator
		{CF10B007-A5EA-4BB3-AA5D-B370B2F19B04}.Debug|iPhoneSimulator.Build.0 = Debug|iPhoneSimulator
		{CF10B007-A5EA-4BB3-AA5D-B370B2F19B04}.DebugPL' Or '$(Configuration)'|Any CPU.ActiveCfg = Debug|iPhoneSimulator
		{CF10B007-A5EA-4BB3-AA5D-B370B2F19B04}.DebugPL' Or '$(Configuration)'|Any CPU.Build.0 = Debug|iPhoneSimulator
		{CF10B007-A5EA-4BB3-AA5D-B370B2F19B04}.DebugXBLV|Any CPU.ActiveCfg = Debug|iPhoneSimulator
		{CF10B007-A5EA-4BB3-AA5D-B370B2F19B04}.DebugXBLV|Any CPU.Build.0 = Debug|iPhoneSimulator
		{CF10B007-A5EA-4BB3-AA5D-B370B2F19B04}.Release|Any CPU.ActiveCfg = Release|iPhoneSimulator
		{CF10B007-A5EA-4BB3-AA5D-B370B2F19B04}.Release|Any CPU.Build.0 = Release|iPhoneSimulator
		{CF10B007-A5EA-4BB3-AA5D-B370B2F19B04}.Release|iPhone.ActiveCfg = Release|iPhone
		{CF10B007-A5EA-4BB3-AA5D-B370B2F19B04}.Release|iPhone.Build.0 = Release|iPhone
		{CF10B007-A5EA-4BB3-AA5D-B370B2F19B04}.Release|iPhoneSimulator.ActiveCfg = Release|iPhoneSimulator
		{CF10B007-A5EA-4BB3-AA5D-B370B2F19B04}.Release|iPhoneSimulator.Build.0 = Release|iPhoneSimulator
		{CF10B007-A5EA-4BB3-AA5D-B370B2F19B04}.ReleaseXBLV|Any CPU.ActiveCfg = Debug|iPhoneSimulator
		{CF10B007-A5EA-4BB3-AA5D-B370B2F19B04}.ReleaseXBLV|Any CPU.Build.0 = Debug|iPhoneSimulator
		{D6B6BA56-1360-42F6-9484-85D8B729D3ED}.Ad-Hoc|iPhone.ActiveCfg = Debug|Any CPU
		{D6B6BA56-1360-42F6-9484-85D8B729D3ED}.Ad-Hoc|iPhone.Build.0 = Debug|Any CPU
		{D6B6BA56-1360-42F6-9484-85D8B729D3ED}.AppStore|iPhone.ActiveCfg = Debug|Any CPU
		{D6B6BA56-1360-42F6-9484-85D8B729D3ED}.AppStore|iPhone.Build.0 = Debug|Any CPU
		{D6B6BA56-1360-42F6-9484-85D8B729D3ED}.Debug|Any CPU.ActiveCfg = Debug|Any CPU
		{D6B6BA56-1360-42F6-9484-85D8B729D3ED}.Debug|Any CPU.Build.0 = Debug|Any CPU
		{D6B6BA56-1360-42F6-9484-85D8B729D3ED}.Debug|iPhone.ActiveCfg = Debug|Any CPU
		{D6B6BA56-1360-42F6-9484-85D8B729D3ED}.Debug|iPhone.Build.0 = Debug|Any CPU
		{D6B6BA56-1360-42F6-9484-85D8B729D3ED}.Debug|iPhoneSimulator.ActiveCfg = Debug|Any CPU
		{D6B6BA56-1360-42F6-9484-85D8B729D3ED}.Debug|iPhoneSimulator.Build.0 = Debug|Any CPU
		{D6B6BA56-1360-42F6-9484-85D8B729D3ED}.DebugPL' Or '$(Configuration)'|Any CPU.ActiveCfg = Debug|Any CPU
		{D6B6BA56-1360-42F6-9484-85D8B729D3ED}.DebugPL' Or '$(Configuration)'|Any CPU.Build.0 = Debug|Any CPU
		{D6B6BA56-1360-42F6-9484-85D8B729D3ED}.DebugXBLV|Any CPU.ActiveCfg = Debug|Any CPU
		{D6B6BA56-1360-42F6-9484-85D8B729D3ED}.DebugXBLV|Any CPU.Build.0 = Debug|Any CPU
		{D6B6BA56-1360-42F6-9484-85D8B729D3ED}.Release|Any CPU.ActiveCfg = Release|Any CPU
		{D6B6BA56-1360-42F6-9484-85D8B729D3ED}.Release|Any CPU.Build.0 = Release|Any CPU
		{D6B6BA56-1360-42F6-9484-85D8B729D3ED}.Release|iPhone.ActiveCfg = Release|Any CPU
		{D6B6BA56-1360-42F6-9484-85D8B729D3ED}.Release|iPhone.Build.0 = Release|Any CPU
		{D6B6BA56-1360-42F6-9484-85D8B729D3ED}.Release|iPhoneSimulator.ActiveCfg = Release|Any CPU
		{D6B6BA56-1360-42F6-9484-85D8B729D3ED}.Release|iPhoneSimulator.Build.0 = Release|Any CPU
		{D6B6BA56-1360-42F6-9484-85D8B729D3ED}.ReleaseXBLV|Any CPU.ActiveCfg = Debug|Any CPU
		{D6B6BA56-1360-42F6-9484-85D8B729D3ED}.ReleaseXBLV|Any CPU.Build.0 = Debug|Any CPU
		{FFB7A57C-BC22-4B71-88D4-2489B3FF10B6}.Ad-Hoc|iPhone.ActiveCfg = Debug|Any CPU
		{FFB7A57C-BC22-4B71-88D4-2489B3FF10B6}.Ad-Hoc|iPhone.Build.0 = Debug|Any CPU
		{FFB7A57C-BC22-4B71-88D4-2489B3FF10B6}.AppStore|iPhone.ActiveCfg = Debug|Any CPU
		{FFB7A57C-BC22-4B71-88D4-2489B3FF10B6}.AppStore|iPhone.Build.0 = Debug|Any CPU
		{FFB7A57C-BC22-4B71-88D4-2489B3FF10B6}.Debug|Any CPU.ActiveCfg = Debug|Any CPU
		{FFB7A57C-BC22-4B71-88D4-2489B3FF10B6}.Debug|Any CPU.Build.0 = Debug|Any CPU
		{FFB7A57C-BC22-4B71-88D4-2489B3FF10B6}.Debug|iPhone.ActiveCfg = Debug|Any CPU
		{FFB7A57C-BC22-4B71-88D4-2489B3FF10B6}.Debug|iPhone.Build.0 = Debug|Any CPU
		{FFB7A57C-BC22-4B71-88D4-2489B3FF10B6}.Debug|iPhoneSimulator.ActiveCfg = Debug|Any CPU
		{FFB7A57C-BC22-4B71-88D4-2489B3FF10B6}.Debug|iPhoneSimulator.Build.0 = Debug|Any CPU
		{FFB7A57C-BC22-4B71-88D4-2489B3FF10B6}.DebugPL' Or '$(Configuration)'|Any CPU.ActiveCfg = Debug|Any CPU
		{FFB7A57C-BC22-4B71-88D4-2489B3FF10B6}.DebugPL' Or '$(Configuration)'|Any CPU.Build.0 = Debug|Any CPU
		{FFB7A57C-BC22-4B71-88D4-2489B3FF10B6}.DebugXBLV|Any CPU.ActiveCfg = Debug|Any CPU
		{FFB7A57C-BC22-4B71-88D4-2489B3FF10B6}.DebugXBLV|Any CPU.Build.0 = Debug|Any CPU
		{FFB7A57C-BC22-4B71-88D4-2489B3FF10B6}.Release|Any CPU.ActiveCfg = Release|Any CPU
		{FFB7A57C-BC22-4B71-88D4-2489B3FF10B6}.Release|Any CPU.Build.0 = Release|Any CPU
		{FFB7A57C-BC22-4B71-88D4-2489B3FF10B6}.Release|iPhone.ActiveCfg = Release|Any CPU
		{FFB7A57C-BC22-4B71-88D4-2489B3FF10B6}.Release|iPhone.Build.0 = Release|Any CPU
		{FFB7A57C-BC22-4B71-88D4-2489B3FF10B6}.Release|iPhoneSimulator.ActiveCfg = Release|Any CPU
		{FFB7A57C-BC22-4B71-88D4-2489B3FF10B6}.Release|iPhoneSimulator.Build.0 = Release|Any CPU
		{FFB7A57C-BC22-4B71-88D4-2489B3FF10B6}.ReleaseXBLV|Any CPU.ActiveCfg = Debug|Any CPU
		{FFB7A57C-BC22-4B71-88D4-2489B3FF10B6}.ReleaseXBLV|Any CPU.Build.0 = Debug|Any CPU
		{0CCCF009-763F-40D2-8655-7A94828023BF}.DebugPL' Or '$(Configuration)' == 'ReleasePL|Any CPU.ActiveCfg = ReleaseXBLV|Any CPU
		{0CCCF009-763F-40D2-8655-7A94828023BF}.DebugPL' Or '$(Configuration)' == 'ReleasePL|Any CPU.Build.0 = ReleaseXBLV|Any CPU
		{4E516F10-DA7A-4D43-963E-A93865ABEA5B}.DebugPL' Or '$(Configuration)' == 'ReleasePL|Any CPU.ActiveCfg = DebugPL' Or '$(Configuration)' == 'ReleasePL|Any CPU
		{4E516F10-DA7A-4D43-963E-A93865ABEA5B}.DebugPL' Or '$(Configuration)' == 'ReleasePL|Any CPU.Build.0 = DebugPL' Or '$(Configuration)' == 'ReleasePL|Any CPU
		{63252AE9-5186-45CA-BFCD-FA51C6B66A43}.DebugPL' Or '$(Configuration)' == 'ReleasePL|Any CPU.ActiveCfg = DebugPL' Or '$(Configuration)' == 'ReleasePL|Any CPU
		{63252AE9-5186-45CA-BFCD-FA51C6B66A43}.DebugPL' Or '$(Configuration)' == 'ReleasePL|Any CPU.Build.0 = DebugPL' Or '$(Configuration)' == 'ReleasePL|Any CPU
		{9E9B9C60-98B0-40FA-9C2B-1218D417CAA4}.DebugPL' Or '$(Configuration)' == 'ReleasePL|Any CPU.ActiveCfg = DebugPL' Or '$(Configuration)' == 'ReleasePL|Any CPU
		{9E9B9C60-98B0-40FA-9C2B-1218D417CAA4}.DebugPL' Or '$(Configuration)' == 'ReleasePL|Any CPU.Build.0 = DebugPL' Or '$(Configuration)' == 'ReleasePL|Any CPU
		{C7B9D7BE-F47F-466B-A6B0-E46F1069B171}.DebugPL' Or '$(Configuration)' == 'ReleasePL|Any CPU.ActiveCfg = DebugPL' Or '$(Configuration)' == 'ReleasePL|Any CPU
		{C7B9D7BE-F47F-466B-A6B0-E46F1069B171}.DebugPL' Or '$(Configuration)' == 'ReleasePL|Any CPU.Build.0 = DebugPL' Or '$(Configuration)' == 'ReleasePL|Any CPU
	EndGlobalSection
	GlobalSection(NestedProjects) = preSolution
		{93322E90-1596-443D-AE38-F4B4D868BE24} = {712CB881-2E20-4520-97AB-7FD7EFC1282C}
		{35DEE616-4AD5-4560-9E19-A86836857626} = {712CB881-2E20-4520-97AB-7FD7EFC1282C}
		{33044C7B-47A4-4113-A61A-EB429407F818} = {712CB881-2E20-4520-97AB-7FD7EFC1282C}
		{6A005891-A3D6-4398-A729-F645397D573A} = {712CB881-2E20-4520-97AB-7FD7EFC1282C}
		{47673BC8-F954-4304-9472-2773AA5A94EB} = {712CB881-2E20-4520-97AB-7FD7EFC1282C}
		{9E9B9C60-98B0-40FA-9C2B-1218D417CAA4} = {712CB881-2E20-4520-97AB-7FD7EFC1282C}
		{4E516F10-DA7A-4D43-963E-A93865ABEA5B} = {712CB881-2E20-4520-97AB-7FD7EFC1282C}
		{0CCCF009-763F-40D2-8655-7A94828023BF} = {712CB881-2E20-4520-97AB-7FD7EFC1282C}
		{63252AE9-5186-45CA-BFCD-FA51C6B66A43} = {712CB881-2E20-4520-97AB-7FD7EFC1282C}
		{C7B9D7BE-F47F-466B-A6B0-E46F1069B171} = {712CB881-2E20-4520-97AB-7FD7EFC1282C}
		{FFB7A57C-BC22-4B71-88D4-2489B3FF10B6} = {712CB881-2E20-4520-97AB-7FD7EFC1282C}
		{41E65B96-733B-41C4-A1BB-7476359B89EB} = {712CB881-2E20-4520-97AB-7FD7EFC1282C}
		{7A6EF49E-7946-4101-9C89-407B9C53A173} = {712CB881-2E20-4520-97AB-7FD7EFC1282C}
		{D6B6BA56-1360-42F6-9484-85D8B729D3ED} = {BCE4A4E6-1A43-4E90-B661-99CDE92E3368}
		{CF10B007-A5EA-4BB3-AA5D-B370B2F19B04} = {BCE4A4E6-1A43-4E90-B661-99CDE92E3368}
	EndGlobalSection
	GlobalSection(MonoDevelopProperties) = preSolution
		StartupItem = android\Andr.Unit\Andr.Unit\Andr.Unit.csproj
	EndGlobalSection
EndGlobal
